
Microsoft Visual Studio Solution File, Format Version 12.00
Project("{FAE04EC0-301F-11D3-BF4B-00C04F79EFBC}") = "Apptio.Dependencies.Scanner.Web", "Apptio.Dependencies.Scanner.Web\Apptio.Dependencies.Scanner.Web.csproj", "{DCFA5796-FEB8-4B83-A0F6-4A269838681D}"
EndProject
Global
	GlobalSection(SolutionConfigurationPlatforms) = preSolution
		Debug|Any CPU = Debug|Any CPU
		Release|Any CPU = Release|Any CPU
	EndGlobalSection
	GlobalSection(ProjectConfigurationPlatforms) = postSolution
		{DCFA5796-FEB8-4B83-A0F6-4A269838681D}.Debug|Any CPU.ActiveCfg = Debug|Any CPU
		{DCFA5796-FEB8-4B83-A0F6-4A269838681D}.Debug|Any CPU.Build.0 = Debug|Any CPU
		{DCFA5796-FEB8-4B83-A0F6-4A269838681D}.Release|Any CPU.ActiveCfg = Release|Any CPU
		{DCFA5796-FEB8-4B83-A0F6-4A269838681D}.Release|Any CPU.Build.0 = Release|Any CPU
	EndGlobalSection
EndGlobal
